
Microsoft Visual Studio Solution File, Format Version 12.00
# Visual Studio Version 17
VisualStudioVersion = 17.5.002.0
MinimumVisualStudioVersion = 10.0.40219.1
Project("{9A19103F-16F7-4668-BE54-9A1E7A4F7556}") = "TCC", "TCC.csproj", "{0070FBC5-797B-4FF8-912D-8DF6B8F84AFF}"
EndProject
Global
	GlobalSection(SolutionConfigurationPlatforms) = preSolution
		Debug|Any CPU = Debug|Any CPU
		Release|Any CPU = Release|Any CPU
	EndGlobalSection
	GlobalSection(ProjectConfigurationPlatforms) = postSolution
		{0070FBC5-797B-4FF8-912D-8DF6B8F84AFF}.Debug|Any CPU.ActiveCfg = Debug|Any CPU
		{0070FBC5-797B-4FF8-912D-8DF6B8F84AFF}.Debug|Any CPU.Build.0 = Debug|Any CPU
		{0070FBC5-797B-4FF8-912D-8DF6B8F84AFF}.Release|Any CPU.ActiveCfg = Release|Any CPU
		{0070FBC5-797B-4FF8-912D-8DF6B8F84AFF}.Release|Any CPU.Build.0 = Release|Any CPU
	EndGlobalSection
	GlobalSection(SolutionProperties) = preSolution
		HideSolutionNode = FALSE
	EndGlobalSection
	GlobalSection(ExtensibilityGlobals) = postSolution
		SolutionGuid = {16D094DE-14AB-4257-95CD-1300F1F16146}
	EndGlobalSection
EndGlobal
